// !$*UTF8*$!
{
	archiveVersion = 1;
	classes = {
	};
	objectVersion = 46;
	objects = {

/* Begin PBXBuildFile section */
		019B9112BDFAF525DB5DCCDD /* libPods.a in Frameworks */ = {isa = PBXBuildFile; fileRef = E3B1899E9143307972F1AE1E /* libPods.a */; };
		D09B9F9319F56A490080EC36 /* AppDelegate.swift in Sources */ = {isa = PBXBuildFile; fileRef = D09B9F9219F56A490080EC36 /* AppDelegate.swift */; };
		D09B9F9519F56A490080EC36 /* ContainerViewController.swift in Sources */ = {isa = PBXBuildFile; fileRef = D09B9F9419F56A490080EC36 /* ContainerViewController.swift */; };
		D09B9F9819F56A490080EC36 /* Main.storyboard in Resources */ = {isa = PBXBuildFile; fileRef = D09B9F9619F56A490080EC36 /* Main.storyboard */; };
		D09B9F9A19F56A490080EC36 /* Images.xcassets in Resources */ = {isa = PBXBuildFile; fileRef = D09B9F9919F56A490080EC36 /* Images.xcassets */; };
		D09B9F9D19F56A490080EC36 /* LaunchScreen.xib in Resources */ = {isa = PBXBuildFile; fileRef = D09B9F9B19F56A490080EC36 /* LaunchScreen.xib */; };
		D09B9FA919F56A490080EC36 /* twitterReduxTests.swift in Sources */ = {isa = PBXBuildFile; fileRef = D09B9FA819F56A490080EC36 /* twitterReduxTests.swift */; };
		D09B9FB319F56B0A0080EC36 /* LoginViewController.swift in Sources */ = {isa = PBXBuildFile; fileRef = D09B9FB219F56B0A0080EC36 /* LoginViewController.swift */; };
		D09B9FB519F56B590080EC36 /* SidePanelViewController.swift in Sources */ = {isa = PBXBuildFile; fileRef = D09B9FB419F56B590080EC36 /* SidePanelViewController.swift */; };
		D09B9FBA19F5701C0080EC36 /* User.swift in Sources */ = {isa = PBXBuildFile; fileRef = D09B9FB919F5701C0080EC36 /* User.swift */; };
		D09B9FBC19F570520080EC36 /* Tweet.swift in Sources */ = {isa = PBXBuildFile; fileRef = D09B9FBB19F570520080EC36 /* Tweet.swift */; };
		D0DE397219F5722D008895CF /* TwitterClient.swift in Sources */ = {isa = PBXBuildFile; fileRef = D0DE397119F5722D008895CF /* TwitterClient.swift */; };
		D0DE397419F57B3B008895CF /* TweetsViewController.swift in Sources */ = {isa = PBXBuildFile; fileRef = D0DE397319F57B3B008895CF /* TweetsViewController.swift */; };
/* End PBXBuildFile section */

/* Begin PBXContainerItemProxy section */
		D09B9FA319F56A490080EC36 /* PBXContainerItemProxy */ = {
			isa = PBXContainerItemProxy;
			containerPortal = D09B9F8519F56A490080EC36 /* Project object */;
			proxyType = 1;
			remoteGlobalIDString = D09B9F8C19F56A490080EC36;
			remoteInfo = twitterRedux;
		};
/* End PBXContainerItemProxy section */

/* Begin PBXFileReference section */
		64FE4DF97B5C016B78063641 /* Pods.release.xcconfig */ = {isa = PBXFileReference; includeInIndex = 1; lastKnownFileType = text.xcconfig; name = Pods.release.xcconfig; path = "Pods/Target Support Files/Pods/Pods.release.xcconfig"; sourceTree = "<group>"; };
		76CA4339637769F9927AE88F /* Pods.debug.xcconfig */ = {isa = PBXFileReference; includeInIndex = 1; lastKnownFileType = text.xcconfig; name = Pods.debug.xcconfig; path = "Pods/Target Support Files/Pods/Pods.debug.xcconfig"; sourceTree = "<group>"; };
		D09B9F8D19F56A490080EC36 /* twitterRedux.app */ = {isa = PBXFileReference; explicitFileType = wrapper.application; includeInIndex = 0; path = twitterRedux.app; sourceTree = BUILT_PRODUCTS_DIR; };
		D09B9F9119F56A490080EC36 /* Info.plist */ = {isa = PBXFileReference; lastKnownFileType = text.plist.xml; path = Info.plist; sourceTree = "<group>"; };
		D09B9F9219F56A490080EC36 /* AppDelegate.swift */ = {isa = PBXFileReference; lastKnownFileType = sourcecode.swift; path = AppDelegate.swift; sourceTree = "<group>"; };
		D09B9F9419F56A490080EC36 /* ContainerViewController.swift */ = {isa = PBXFileReference; lastKnownFileType = sourcecode.swift; path = ContainerViewController.swift; sourceTree = "<group>"; };
		D09B9F9719F56A490080EC36 /* Base */ = {isa = PBXFileReference; lastKnownFileType = file.storyboard; name = Base; path = Base.lproj/Main.storyboard; sourceTree = "<group>"; };
		D09B9F9919F56A490080EC36 /* Images.xcassets */ = {isa = PBXFileReference; lastKnownFileType = folder.assetcatalog; path = Images.xcassets; sourceTree = "<group>"; };
		D09B9F9C19F56A490080EC36 /* Base */ = {isa = PBXFileReference; lastKnownFileType = file.xib; name = Base; path = Base.lproj/LaunchScreen.xib; sourceTree = "<group>"; };
		D09B9FA219F56A490080EC36 /* twitterReduxTests.xctest */ = {isa = PBXFileReference; explicitFileType = wrapper.cfbundle; includeInIndex = 0; path = twitterReduxTests.xctest; sourceTree = BUILT_PRODUCTS_DIR; };
		D09B9FA719F56A490080EC36 /* Info.plist */ = {isa = PBXFileReference; lastKnownFileType = text.plist.xml; path = Info.plist; sourceTree = "<group>"; };
		D09B9FA819F56A490080EC36 /* twitterReduxTests.swift */ = {isa = PBXFileReference; lastKnownFileType = sourcecode.swift; path = twitterReduxTests.swift; sourceTree = "<group>"; };
		D09B9FB219F56B0A0080EC36 /* LoginViewController.swift */ = {isa = PBXFileReference; fileEncoding = 4; lastKnownFileType = sourcecode.swift; path = LoginViewController.swift; sourceTree = "<group>"; };
		D09B9FB419F56B590080EC36 /* SidePanelViewController.swift */ = {isa = PBXFileReference; fileEncoding = 4; lastKnownFileType = sourcecode.swift; path = SidePanelViewController.swift; sourceTree = "<group>"; };
		D09B9FB919F5701C0080EC36 /* User.swift */ = {isa = PBXFileReference; fileEncoding = 4; lastKnownFileType = sourcecode.swift; path = User.swift; sourceTree = "<group>"; };
		D09B9FBB19F570520080EC36 /* Tweet.swift */ = {isa = PBXFileReference; fileEncoding = 4; lastKnownFileType = sourcecode.swift; path = Tweet.swift; sourceTree = "<group>"; };
		D0DE396E19F571A1008895CF /* twitterRedux-Bridging-Header.h */ = {isa = PBXFileReference; lastKnownFileType = sourcecode.c.h; path = "twitterRedux-Bridging-Header.h"; sourceTree = "<group>"; };
		D0DE397119F5722D008895CF /* TwitterClient.swift */ = {isa = PBXFileReference; fileEncoding = 4; lastKnownFileType = sourcecode.swift; path = TwitterClient.swift; sourceTree = "<group>"; };
		D0DE397319F57B3B008895CF /* TweetsViewController.swift */ = {isa = PBXFileReference; fileEncoding = 4; lastKnownFileType = sourcecode.swift; path = TweetsViewController.swift; sourceTree = "<group>"; };
		E3B1899E9143307972F1AE1E /* libPods.a */ = {isa = PBXFileReference; explicitFileType = archive.ar; includeInIndex = 0; path = libPods.a; sourceTree = BUILT_PRODUCTS_DIR; };
/* End PBXFileReference section */

/* Begin PBXFrameworksBuildPhase section */
		D09B9F8A19F56A490080EC36 /* Frameworks */ = {
			isa = PBXFrameworksBuildPhase;
			buildActionMask = 2147483647;
			files = (
				019B9112BDFAF525DB5DCCDD /* libPods.a in Frameworks */,
			);
			runOnlyForDeploymentPostprocessing = 0;
		};
		D09B9F9F19F56A490080EC36 /* Frameworks */ = {
			isa = PBXFrameworksBuildPhase;
			buildActionMask = 2147483647;
			files = (
			);
			runOnlyForDeploymentPostprocessing = 0;
		};
/* End PBXFrameworksBuildPhase section */

/* Begin PBXGroup section */
		81FDDC2FF4D27C70B0D1AF95 /* Frameworks */ = {
			isa = PBXGroup;
			children = (
				E3B1899E9143307972F1AE1E /* libPods.a */,
			);
			name = Frameworks;
			sourceTree = "<group>";
		};
		BD27E368320E222392BC6786 /* Pods */ = {
			isa = PBXGroup;
			children = (
				76CA4339637769F9927AE88F /* Pods.debug.xcconfig */,
				64FE4DF97B5C016B78063641 /* Pods.release.xcconfig */,
			);
			name = Pods;
			sourceTree = "<group>";
		};
		D09B9F8419F56A490080EC36 = {
			isa = PBXGroup;
			children = (
				D09B9F8F19F56A490080EC36 /* twitterRedux */,
				D09B9FA519F56A490080EC36 /* twitterReduxTests */,
				D09B9F8E19F56A490080EC36 /* Products */,
				BD27E368320E222392BC6786 /* Pods */,
				81FDDC2FF4D27C70B0D1AF95 /* Frameworks */,
				D0DE396E19F571A1008895CF /* twitterRedux-Bridging-Header.h */,
			);
			sourceTree = "<group>";
		};
		D09B9F8E19F56A490080EC36 /* Products */ = {
			isa = PBXGroup;
			children = (
				D09B9F8D19F56A490080EC36 /* twitterRedux.app */,
				D09B9FA219F56A490080EC36 /* twitterReduxTests.xctest */,
			);
			name = Products;
			sourceTree = "<group>";
		};
		D09B9F8F19F56A490080EC36 /* twitterRedux */ = {
			isa = PBXGroup;
			children = (
				D09B9FB819F56B850080EC36 /* Controllers */,
				D09B9FB719F56B7D0080EC36 /* Models */,
				D09B9FB619F56B750080EC36 /* API */,
				D09B9F9219F56A490080EC36 /* AppDelegate.swift */,
				D09B9F9619F56A490080EC36 /* Main.storyboard */,
				D09B9F9919F56A490080EC36 /* Images.xcassets */,
				D09B9F9B19F56A490080EC36 /* LaunchScreen.xib */,
				D09B9F9019F56A490080EC36 /* Supporting Files */,
			);
			path = twitterRedux;
			sourceTree = "<group>";
		};
		D09B9F9019F56A490080EC36 /* Supporting Files */ = {
			isa = PBXGroup;
			children = (
				D09B9F9119F56A490080EC36 /* Info.plist */,
			);
			name = "Supporting Files";
			sourceTree = "<group>";
		};
		D09B9FA519F56A490080EC36 /* twitterReduxTests */ = {
			isa = PBXGroup;
			children = (
				D09B9FA819F56A490080EC36 /* twitterReduxTests.swift */,
				D09B9FA619F56A490080EC36 /* Supporting Files */,
			);
			path = twitterReduxTests;
			sourceTree = "<group>";
		};
		D09B9FA619F56A490080EC36 /* Supporting Files */ = {
			isa = PBXGroup;
			children = (
				D09B9FA719F56A490080EC36 /* Info.plist */,
			);
			name = "Supporting Files";
			sourceTree = "<group>";
		};
		D09B9FB619F56B750080EC36 /* API */ = {
			isa = PBXGroup;
			children = (
				D0DE397119F5722D008895CF /* TwitterClient.swift */,
			);
			name = API;
			sourceTree = "<group>";
		};
		D09B9FB719F56B7D0080EC36 /* Models */ = {
			isa = PBXGroup;
			children = (
				D09B9FB919F5701C0080EC36 /* User.swift */,
				D09B9FBB19F570520080EC36 /* Tweet.swift */,
			);
			name = Models;
			sourceTree = "<group>";
		};
		D09B9FB819F56B850080EC36 /* Controllers */ = {
			isa = PBXGroup;
			children = (
				D09B9F9419F56A490080EC36 /* ContainerViewController.swift */,
				D09B9FB219F56B0A0080EC36 /* LoginViewController.swift */,
				D09B9FB419F56B590080EC36 /* SidePanelViewController.swift */,
				D0DE397319F57B3B008895CF /* TweetsViewController.swift */,
			);
			name = Controllers;
			sourceTree = "<group>";
		};
/* End PBXGroup section */

/* Begin PBXNativeTarget section */
		D09B9F8C19F56A490080EC36 /* twitterRedux */ = {
			isa = PBXNativeTarget;
			buildConfigurationList = D09B9FAC19F56A490080EC36 /* Build configuration list for PBXNativeTarget "twitterRedux" */;
			buildPhases = (
				43D15474DDA3EFD5B25D757A /* Check Pods Manifest.lock */,
				D09B9F8919F56A490080EC36 /* Sources */,
				D09B9F8A19F56A490080EC36 /* Frameworks */,
				D09B9F8B19F56A490080EC36 /* Resources */,
				604379E1CD339421B25E907A /* Copy Pods Resources */,
			);
			buildRules = (
			);
			dependencies = (
			);
			name = twitterRedux;
			productName = twitterRedux;
			productReference = D09B9F8D19F56A490080EC36 /* twitterRedux.app */;
			productType = "com.apple.product-type.application";
		};
		D09B9FA119F56A490080EC36 /* twitterReduxTests */ = {
			isa = PBXNativeTarget;
			buildConfigurationList = D09B9FAF19F56A490080EC36 /* Build configuration list for PBXNativeTarget "twitterReduxTests" */;
			buildPhases = (
				D09B9F9E19F56A490080EC36 /* Sources */,
				D09B9F9F19F56A490080EC36 /* Frameworks */,
				D09B9FA019F56A490080EC36 /* Resources */,
			);
			buildRules = (
			);
			dependencies = (
				D09B9FA419F56A490080EC36 /* PBXTargetDependency */,
			);
			name = twitterReduxTests;
			productName = twitterReduxTests;
			productReference = D09B9FA219F56A490080EC36 /* twitterReduxTests.xctest */;
			productType = "com.apple.product-type.bundle.unit-test";
		};
/* End PBXNativeTarget section */

/* Begin PBXProject section */
		D09B9F8519F56A490080EC36 /* Project object */ = {
			isa = PBXProject;
			attributes = {
				LastUpgradeCheck = 0600;
				ORGANIZATIONNAME = "Blue Lotus Labs";
				TargetAttributes = {
					D09B9F8C19F56A490080EC36 = {
						CreatedOnToolsVersion = 6.0.1;
					};
					D09B9FA119F56A490080EC36 = {
						CreatedOnToolsVersion = 6.0.1;
						TestTargetID = D09B9F8C19F56A490080EC36;
					};
				};
			};
			buildConfigurationList = D09B9F8819F56A490080EC36 /* Build configuration list for PBXProject "twitterRedux" */;
			compatibilityVersion = "Xcode 3.2";
			developmentRegion = English;
			hasScannedForEncodings = 0;
			knownRegions = (
				en,
				Base,
			);
			mainGroup = D09B9F8419F56A490080EC36;
			productRefGroup = D09B9F8E19F56A490080EC36 /* Products */;
			projectDirPath = "";
			projectRoot = "";
			targets = (
				D09B9F8C19F56A490080EC36 /* twitterRedux */,
				D09B9FA119F56A490080EC36 /* twitterReduxTests */,
			);
		};
/* End PBXProject section */

/* Begin PBXResourcesBuildPhase section */
		D09B9F8B19F56A490080EC36 /* Resources */ = {
			isa = PBXResourcesBuildPhase;
			buildActionMask = 2147483647;
			files = (
				D09B9F9819F56A490080EC36 /* Main.storyboard in Resources */,
				D09B9F9D19F56A490080EC36 /* LaunchScreen.xib in Resources */,
				D09B9F9A19F56A490080EC36 /* Images.xcassets in Resources */,
			);
			runOnlyForDeploymentPostprocessing = 0;
		};
		D09B9FA019F56A490080EC36 /* Resources */ = {
			isa = PBXResourcesBuildPhase;
			buildActionMask = 2147483647;
			files = (
			);
			runOnlyForDeploymentPostprocessing = 0;
		};
/* End PBXResourcesBuildPhase section */

/* Begin PBXShellScriptBuildPhase section */
		43D15474DDA3EFD5B25D757A /* Check Pods Manifest.lock */ = {
			isa = PBXShellScriptBuildPhase;
			buildActionMask = 2147483647;
			files = (
			);
			inputPaths = (
			);
			name = "Check Pods Manifest.lock";
			outputPaths = (
			);
			runOnlyForDeploymentPostprocessing = 0;
			shellPath = /bin/sh;
			shellScript = "diff \"${PODS_ROOT}/../Podfile.lock\" \"${PODS_ROOT}/Manifest.lock\" > /dev/null\nif [[ $? != 0 ]] ; then\n    cat << EOM\nerror: The sandbox is not in sync with the Podfile.lock. Run 'pod install' or update your CocoaPods installation.\nEOM\n    exit 1\nfi\n";
			showEnvVarsInLog = 0;
		};
		604379E1CD339421B25E907A /* Copy Pods Resources */ = {
			isa = PBXShellScriptBuildPhase;
			buildActionMask = 2147483647;
			files = (
			);
			inputPaths = (
			);
			name = "Copy Pods Resources";
			outputPaths = (
			);
			runOnlyForDeploymentPostprocessing = 0;
			shellPath = /bin/sh;
			shellScript = "\"${SRCROOT}/Pods/Target Support Files/Pods/Pods-resources.sh\"\n";
			showEnvVarsInLog = 0;
		};
/* End PBXShellScriptBuildPhase section */

/* Begin PBXSourcesBuildPhase section */
		D09B9F8919F56A490080EC36 /* Sources */ = {
			isa = PBXSourcesBuildPhase;
			buildActionMask = 2147483647;
			files = (
				D0DE397419F57B3B008895CF /* TweetsViewController.swift in Sources */,
				D09B9FB519F56B590080EC36 /* SidePanelViewController.swift in Sources */,
				D09B9FB319F56B0A0080EC36 /* LoginViewController.swift in Sources */,
				D09B9F9519F56A490080EC36 /* ContainerViewController.swift in Sources */,
				D09B9FBC19F570520080EC36 /* Tweet.swift in Sources */,
				D0DE397219F5722D008895CF /* TwitterClient.swift in Sources */,
				D09B9FBA19F5701C0080EC36 /* User.swift in Sources */,
				D09B9F9319F56A490080EC36 /* AppDelegate.swift in Sources */,
			);
			runOnlyForDeploymentPostprocessing = 0;
		};
		D09B9F9E19F56A490080EC36 /* Sources */ = {
			isa = PBXSourcesBuildPhase;
			buildActionMask = 2147483647;
			files = (
				D09B9FA919F56A490080EC36 /* twitterReduxTests.swift in Sources */,
			);
			runOnlyForDeploymentPostprocessing = 0;
		};
/* End PBXSourcesBuildPhase section */

/* Begin PBXTargetDependency section */
		D09B9FA419F56A490080EC36 /* PBXTargetDependency */ = {
			isa = PBXTargetDependency;
			target = D09B9F8C19F56A490080EC36 /* twitterRedux */;
			targetProxy = D09B9FA319F56A490080EC36 /* PBXContainerItemProxy */;
		};
/* End PBXTargetDependency section */

/* Begin PBXVariantGroup section */
		D09B9F9619F56A490080EC36 /* Main.storyboard */ = {
			isa = PBXVariantGroup;
			children = (
				D09B9F9719F56A490080EC36 /* Base */,
			);
			name = Main.storyboard;
			sourceTree = "<group>";
		};
		D09B9F9B19F56A490080EC36 /* LaunchScreen.xib */ = {
			isa = PBXVariantGroup;
			children = (
				D09B9F9C19F56A490080EC36 /* Base */,
			);
			name = LaunchScreen.xib;
			sourceTree = "<group>";
		};
/* End PBXVariantGroup section */

/* Begin XCBuildConfiguration section */
		D09B9FAA19F56A490080EC36 /* Debug */ = {
			isa = XCBuildConfiguration;
			buildSettings = {
				ALWAYS_SEARCH_USER_PATHS = NO;
				CLANG_CXX_LANGUAGE_STANDARD = "gnu++0x";
				CLANG_CXX_LIBRARY = "libc++";
				CLANG_ENABLE_MODULES = YES;
				CLANG_ENABLE_OBJC_ARC = YES;
				CLANG_WARN_BOOL_CONVERSION = YES;
				CLANG_WARN_CONSTANT_CONVERSION = YES;
				CLANG_WARN_DIRECT_OBJC_ISA_USAGE = YES_ERROR;
				CLANG_WARN_EMPTY_BODY = YES;
				CLANG_WARN_ENUM_CONVERSION = YES;
				CLANG_WARN_INT_CONVERSION = YES;
				CLANG_WARN_OBJC_ROOT_CLASS = YES_ERROR;
				CLANG_WARN_UNREACHABLE_CODE = YES;
				CLANG_WARN__DUPLICATE_METHOD_MATCH = YES;
				"CODE_SIGN_IDENTITY[sdk=iphoneos*]" = "iPhone Developer";
				COPY_PHASE_STRIP = NO;
				ENABLE_STRICT_OBJC_MSGSEND = YES;
				GCC_C_LANGUAGE_STANDARD = gnu99;
				GCC_DYNAMIC_NO_PIC = NO;
				GCC_OPTIMIZATION_LEVEL = 0;
				GCC_PREPROCESSOR_DEFINITIONS = (
					"DEBUG=1",
					"$(inherited)",
				);
				GCC_SYMBOLS_PRIVATE_EXTERN = NO;
				GCC_WARN_64_TO_32_BIT_CONVERSION = YES;
				GCC_WARN_ABOUT_RETURN_TYPE = YES_ERROR;
				GCC_WARN_UNDECLARED_SELECTOR = YES;
				GCC_WARN_UNINITIALIZED_AUTOS = YES_AGGRESSIVE;
				GCC_WARN_UNUSED_FUNCTION = YES;
				GCC_WARN_UNUSED_VARIABLE = YES;
				IPHONEOS_DEPLOYMENT_TARGET = 8.0;
				MTL_ENABLE_DEBUG_INFO = YES;
				ONLY_ACTIVE_ARCH = YES;
				SDKROOT = iphoneos;
				SWIFT_OPTIMIZATION_LEVEL = "-Onone";
			};
			name = Debug;
		};
		D09B9FAB19F56A490080EC36 /* Release */ = {
			isa = XCBuildConfiguration;
			buildSettings = {
				ALWAYS_SEARCH_USER_PATHS = NO;
				CLANG_CXX_LANGUAGE_STANDARD = "gnu++0x";
				CLANG_CXX_LIBRARY = "libc++";
				CLANG_ENABLE_MODULES = YES;
				CLANG_ENABLE_OBJC_ARC = YES;
				CLANG_WARN_BOOL_CONVERSION = YES;
				CLANG_WARN_CONSTANT_CONVERSION = YES;
				CLANG_WARN_DIRECT_OBJC_ISA_USAGE = YES_ERROR;
				CLANG_WARN_EMPTY_BODY = YES;
				CLANG_WARN_ENUM_CONVERSION = YES;
				CLANG_WARN_INT_CONVERSION = YES;
				CLANG_WARN_OBJC_ROOT_CLASS = YES_ERROR;
				CLANG_WARN_UNREACHABLE_CODE = YES;
				CLANG_WARN__DUPLICATE_METHOD_MATCH = YES;
				"CODE_SIGN_IDENTITY[sdk=iphoneos*]" = "iPhone Developer";
				COPY_PHASE_STRIP = YES;
				ENABLE_NS_ASSERTIONS = NO;
				ENABLE_STRICT_OBJC_MSGSEND = YES;
				GCC_C_LANGUAGE_STANDARD = gnu99;
				GCC_WARN_64_TO_32_BIT_CONVERSION = YES;
				GCC_WARN_ABOUT_RETURN_TYPE = YES_ERROR;
				GCC_WARN_UNDECLARED_SELECTOR = YES;
				GCC_WARN_UNINITIALIZED_AUTOS = YES_AGGRESSIVE;
				GCC_WARN_UNUSED_FUNCTION = YES;
				GCC_WARN_UNUSED_VARIABLE = YES;
				IPHONEOS_DEPLOYMENT_TARGET = 8.0;
				MTL_ENABLE_DEBUG_INFO = NO;
				SDKROOT = iphoneos;
				VALIDATE_PRODUCT = YES;
			};
			name = Release;
		};
		D09B9FAD19F56A490080EC36 /* Debug */ = {
			isa = XCBuildConfiguration;
			baseConfigurationReference = 76CA4339637769F9927AE88F /* Pods.debug.xcconfig */;
			buildSettings = {
				ASSETCATALOG_COMPILER_APPICON_NAME = AppIcon;
				CLANG_ENABLE_MODULES = YES;
				INFOPLIST_FILE = twitterRedux/Info.plist;
				LD_RUNPATH_SEARCH_PATHS = "$(inherited) @executable_path/Frameworks";
				PRODUCT_NAME = "$(TARGET_NAME)";
				SWIFT_OBJC_BRIDGING_HEADER = "twitterRedux-Bridging-Header.h";
				SWIFT_OPTIMIZATION_LEVEL = "-Onone";
			};
			name = Debug;
		};
		D09B9FAE19F56A490080EC36 /* Release */ = {
			isa = XCBuildConfiguration;
			baseConfigurationReference = 64FE4DF97B5C016B78063641 /* Pods.release.xcconfig */;
			buildSettings = {
				ASSETCATALOG_COMPILER_APPICON_NAME = AppIcon;
				CLANG_ENABLE_MODULES = YES;
				INFOPLIST_FILE = twitterRedux/Info.plist;
				LD_RUNPATH_SEARCH_PATHS = "$(inherited) @executable_path/Frameworks";
				PRODUCT_NAME = "$(TARGET_NAME)";
				SWIFT_OBJC_BRIDGING_HEADER = "twitterRedux-Bridging-Header.h";
			};
			name = Release;
		};
		D09B9FB019F56A490080EC36 /* Debug */ = {
			isa = XCBuildConfiguration;
			buildSettings = {
				BUNDLE_LOADER = "$(TEST_HOST)";
				FRAMEWORK_SEARCH_PATHS = (
					"$(SDKROOT)/Developer/Library/Frameworks",
					"$(inherited)",
				);
				GCC_PREPROCESSOR_DEFINITIONS = (
					"DEBUG=1",
					"$(inherited)",
				);
				INFOPLIST_FILE = twitterReduxTests/Info.plist;
				LD_RUNPATH_SEARCH_PATHS = "$(inherited) @executable_path/Frameworks @loader_path/Frameworks";
				PRODUCT_NAME = "$(TARGET_NAME)";
				TEST_HOST = "$(BUILT_PRODUCTS_DIR)/twitterRedux.app/twitterRedux";
			};
			name = Debug;
		};
		D09B9FB119F56A490080EC36 /* Release */ = {
			isa = XCBuildConfiguration;
			buildSettings = {
				BUNDLE_LOADER = "$(TEST_HOST)";
				FRAMEWORK_SEARCH_PATHS = (
					"$(SDKROOT)/Developer/Library/Frameworks",
					"$(inherited)",
				);
				INFOPLIST_FILE = twitterReduxTests/Info.plist;
				LD_RUNPATH_SEARCH_PATHS = "$(inherited) @executable_path/Frameworks @loader_path/Frameworks";
				PRODUCT_NAME = "$(TARGET_NAME)";
				TEST_HOST = "$(BUILT_PRODUCTS_DIR)/twitterRedux.app/twitterRedux";
			};
			name = Release;
		};
/* End XCBuildConfiguration section */

/* Begin XCConfigurationList section */
		D09B9F8819F56A490080EC36 /* Build configuration list for PBXProject "twitterRedux" */ = {
			isa = XCConfigurationList;
			buildConfigurations = (
				D09B9FAA19F56A490080EC36 /* Debug */,
				D09B9FAB19F56A490080EC36 /* Release */,
			);
			defaultConfigurationIsVisible = 0;
			defaultConfigurationName = Release;
		};
		D09B9FAC19F56A490080EC36 /* Build configuration list for PBXNativeTarget "twitterRedux" */ = {
			isa = XCConfigurationList;
			buildConfigurations = (
				D09B9FAD19F56A490080EC36 /* Debug */,
				D09B9FAE19F56A490080EC36 /* Release */,
			);
			defaultConfigurationIsVisible = 0;
			defaultConfigurationName = Release;
		};
		D09B9FAF19F56A490080EC36 /* Build configuration list for PBXNativeTarget "twitterReduxTests" */ = {
			isa = XCConfigurationList;
			buildConfigurations = (
				D09B9FB019F56A490080EC36 /* Debug */,
				D09B9FB119F56A490080EC36 /* Release */,
			);
			defaultConfigurationIsVisible = 0;
			defaultConfigurationName = Release;
		};
/* End XCConfigurationList section */
	};
	rootObject = D09B9F8519F56A490080EC36 /* Project object */;
}
